
Microsoft Visual Studio Solution File, Format Version 12.00
# Visual Studio Version 16
VisualStudioVersion = 16.0.30011.22
MinimumVisualStudioVersion = 10.0.40219.1
Project("{9A19103F-16F7-4668-BE54-9A1E7A4F7556}") = "apbd13", "apbd13\apbd13.csproj", "{AF2AA46F-731D-491A-A279-08478E89F8DF}"
EndProject
Global
	GlobalSection(SolutionConfigurationPlatforms) = preSolution
		Debug|Any CPU = Debug|Any CPU
		Release|Any CPU = Release|Any CPU
	EndGlobalSection
	GlobalSection(ProjectConfigurationPlatforms) = postSolution
		{AF2AA46F-731D-491A-A279-08478E89F8DF}.Debug|Any CPU.ActiveCfg = Debug|Any CPU
		{AF2AA46F-731D-491A-A279-08478E89F8DF}.Debug|Any CPU.Build.0 = Debug|Any CPU
		{AF2AA46F-731D-491A-A279-08478E89F8DF}.Release|Any CPU.ActiveCfg = Release|Any CPU
		{AF2AA46F-731D-491A-A279-08478E89F8DF}.Release|Any CPU.Build.0 = Release|Any CPU
	EndGlobalSection
	GlobalSection(SolutionProperties) = preSolution
		HideSolutionNode = FALSE
	EndGlobalSection
	GlobalSection(ExtensibilityGlobals) = postSolution
		SolutionGuid = {08DA2163-4DE4-4CA3-B185-4EF7C5FB5018}
	EndGlobalSection
EndGlobal
